
Microsoft Visual Studio Solution File, Format Version 12.00
# Visual Studio 15
VisualStudioVersion = 15.0.28307.902
MinimumVisualStudioVersion = 10.0.40219.1
Project("{FAE04EC0-301F-11D3-BF4B-00C04F79EFBC}") = "myFirstWebService", "myFirstWebService\myFirstWebService.csproj", "{5EFCE06E-B545-42B6-BFA9-256EEA768193}"
EndProject
Project("{FAE04EC0-301F-11D3-BF4B-00C04F79EFBC}") = "myFirstClient", "myFirstClient\myFirstClient.csproj", "{9DDD8DDF-D82C-4647-B5B4-9FC334CAEE3E}"
	ProjectSection(ProjectDependencies) = postProject
		{5EFCE06E-B545-42B6-BFA9-256EEA768193} = {5EFCE06E-B545-42B6-BFA9-256EEA768193}
	EndProjectSection
EndProject
Global
	GlobalSection(SolutionConfigurationPlatforms) = preSolution
		Debug|Any CPU = Debug|Any CPU
		Release|Any CPU = Release|Any CPU
	EndGlobalSection
	GlobalSection(ProjectConfigurationPlatforms) = postSolution
		{5EFCE06E-B545-42B6-BFA9-256EEA768193}.Debug|Any CPU.ActiveCfg = Debug|Any CPU
		{5EFCE06E-B545-42B6-BFA9-256EEA768193}.Debug|Any CPU.Build.0 = Debug|Any CPU
		{5EFCE06E-B545-42B6-BFA9-256EEA768193}.Release|Any CPU.ActiveCfg = Release|Any CPU
		{5EFCE06E-B545-42B6-BFA9-256EEA768193}.Release|Any CPU.Build.0 = Release|Any CPU
		{9DDD8DDF-D82C-4647-B5B4-9FC334CAEE3E}.Debug|Any CPU.ActiveCfg = Debug|Any CPU
		{9DDD8DDF-D82C-4647-B5B4-9FC334CAEE3E}.Debug|Any CPU.Build.0 = Debug|Any CPU
		{9DDD8DDF-D82C-4647-B5B4-9FC334CAEE3E}.Release|Any CPU.ActiveCfg = Release|Any CPU
		{9DDD8DDF-D82C-4647-B5B4-9FC334CAEE3E}.Release|Any CPU.Build.0 = Release|Any CPU
	EndGlobalSection
	GlobalSection(SolutionProperties) = preSolution
		HideSolutionNode = FALSE
	EndGlobalSection
	GlobalSection(ExtensibilityGlobals) = postSolution
		SolutionGuid = {4275ED33-F080-4BA2-9294-6A26F7886851}
	EndGlobalSection
EndGlobal
